
Microsoft Visual Studio Solution File, Format Version 12.00
# Visual Studio 15
VisualStudioVersion = 15.0.28307.572
MinimumVisualStudioVersion = 10.0.40219.1
Project("{FAE04EC0-301F-11D3-BF4B-00C04F79EFBC}") = "Farmacia.FEW", "Farmacia.FEW\Farmacia.FEW.csproj", "{4E40D690-E8EF-4FBF-A2FE-724637C07357}"
EndProject
Project("{FAE04EC0-301F-11D3-BF4B-00C04F79EFBC}") = "Farmacia.Test", "Farmacia.Test\Farmacia.Test.csproj", "{2F05D1BD-BAF1-4386-9433-9FE04A2C1233}"
EndProject
Project("{FAE04EC0-301F-11D3-BF4B-00C04F79EFBC}") = "Farmacia.BE", "Farmacia.BE\Farmacia.BE.csproj", "{6AB9D706-39CE-4BCF-96CC-4AE6EFFB255A}"
EndProject
Global
	GlobalSection(SolutionConfigurationPlatforms) = preSolution
		Debug|Any CPU = Debug|Any CPU
		Release|Any CPU = Release|Any CPU
	EndGlobalSection
	GlobalSection(ProjectConfigurationPlatforms) = postSolution
		{4E40D690-E8EF-4FBF-A2FE-724637C07357}.Debug|Any CPU.ActiveCfg = Debug|Any CPU
		{4E40D690-E8EF-4FBF-A2FE-724637C07357}.Debug|Any CPU.Build.0 = Debug|Any CPU
		{4E40D690-E8EF-4FBF-A2FE-724637C07357}.Release|Any CPU.ActiveCfg = Release|Any CPU
		{4E40D690-E8EF-4FBF-A2FE-724637C07357}.Release|Any CPU.Build.0 = Release|Any CPU
		{2F05D1BD-BAF1-4386-9433-9FE04A2C1233}.Debug|Any CPU.ActiveCfg = Debug|Any CPU
		{2F05D1BD-BAF1-4386-9433-9FE04A2C1233}.Debug|Any CPU.Build.0 = Debug|Any CPU
		{2F05D1BD-BAF1-4386-9433-9FE04A2C1233}.Release|Any CPU.ActiveCfg = Release|Any CPU
		{2F05D1BD-BAF1-4386-9433-9FE04A2C1233}.Release|Any CPU.Build.0 = Release|Any CPU
		{6AB9D706-39CE-4BCF-96CC-4AE6EFFB255A}.Debug|Any CPU.ActiveCfg = Debug|Any CPU
		{6AB9D706-39CE-4BCF-96CC-4AE6EFFB255A}.Debug|Any CPU.Build.0 = Debug|Any CPU
		{6AB9D706-39CE-4BCF-96CC-4AE6EFFB255A}.Release|Any CPU.ActiveCfg = Release|Any CPU
		{6AB9D706-39CE-4BCF-96CC-4AE6EFFB255A}.Release|Any CPU.Build.0 = Release|Any CPU
	EndGlobalSection
	GlobalSection(SolutionProperties) = preSolution
		HideSolutionNode = FALSE
	EndGlobalSection
	GlobalSection(ExtensibilityGlobals) = postSolution
		SolutionGuid = {839E4289-0965-4642-BB04-6D25AF1D510E}
	EndGlobalSection
EndGlobal
